{
  "name": "05-pruebalocal",
  "version": "1.0.0",
  "lockfileVersion": 3,
  "requires": true,
  "packages": {
    "": {
      "name": "05-pruebalocal",
      "version": "1.0.0",
      "license": "ISC",
      "dependencies": {
        "saludos20241204": "file:../04-modulo-npm"
      }
    },
    "../04-modulo-npm": {
      "name": "saludos20241204",
      "version": "1.0.0",
      "license": "ISC",
      "dependencies": {
        "colors": "^1.4.0"
      }
    },
    "node_modules/saludos20241204": {
      "resolved": "../04-modulo-npm",
      "link": true
    }
  }
}
